{
  "name": "typeset",
  "version": "0.0.0",
  "lockfileVersion": 3,
  "requires": true,
  "packages": {
    "": {
      "name": "typeset",
      "version": "0.0.0",
      "license": "BSD-3-Clause",
      "dependencies": {
        "opentype.js": "1.1.0",
        "point-in-polygon": "1.0.1"
      },
      "devDependencies": {
        "@types/node": "12.7.12",
        "@types/point-in-polygon": "1.0.0",
        "typescript": "3.7.2"
      }
    },
    "node_modules/@types/node": {
      "version": "12.7.12",
      "resolved": "https://registry.npmjs.org/@types/node/-/node-12.7.12.tgz",
      "integrity": "sha512-KPYGmfD0/b1eXurQ59fXD1GBzhSQfz6/lKBxkaHX9dKTzjXbK68Zt7yGUxUsCS1jeTy/8aL+d9JEr+S54mpkWQ==",
      "dev": true,
      "license": "MIT"
    },
    "node_modules/@types/point-in-polygon": {
      "version": "1.0.0",
      "resolved": "https://registry.npmjs.org/@types/point-in-polygon/-/point-in-polygon-1.0.0.tgz",
      "integrity": "sha512-4jwic3xvYymOk1Dl4L/y0scsC69Vie8f8QhXCAmuXlWY8QzxX9jlp0DXyyfc6Ib2ZfZVzsUz82tUDRwxEOG1lw==",
      "dev": true,
      "license": "MIT"
    },
    "node_modules/opentype.js": {
      "version": "1.1.0",
      "resolved": "https://registry.npmjs.org/opentype.js/-/opentype.js-1.1.0.tgz",
      "integrity": "sha512-SZimNGuUYrsGPk/nNCaytsrCWDbG+YB+G9Mzc6BM5XiIsIQpkhZa1QvSmNa+eN9xr1n+kBnBJih5YLVBviaJQg==",
      "license": "MIT",
      "dependencies": {
        "string.prototype.codepointat": "^0.2.1",
        "tiny-inflate": "^1.0.2"
      },
      "bin": {
        "ot": "bin/ot"
      }
    },
    "node_modules/point-in-polygon": {
      "version": "1.0.1",
      "resolved": "https://registry.npmjs.org/point-in-polygon/-/point-in-polygon-1.0.1.tgz",
      "integrity": "sha512-7xblajMJtE9xOfDXkZrq98kjnoazmNPfNXqu9XCKk0uhtjImNdTRjkckIWKirtlyUocWU9XyzTyE2y5/E45v5A==",
      "license": "MIT"
    },
    "node_modules/string.prototype.codepointat": {
      "version": "0.2.1",
      "resolved": "https://registry.npmjs.org/string.prototype.codepointat/-/string.prototype.codepointat-0.2.1.tgz",
      "integrity": "sha512-2cBVCj6I4IOvEnjgO/hWqXjqBGsY+zwPmHl12Srk9IXSZ56Jwwmy+66XO5Iut/oQVR7t5ihYdLB0GMa4alEUcg==",
      "license": "MIT"
    },
    "node_modules/tiny-inflate": {
      "version": "1.0.3",
      "resolved": "https://registry.npmjs.org/tiny-inflate/-/tiny-inflate-1.0.3.tgz",
      "integrity": "sha512-pkY1fj1cKHb2seWDy0B16HeWyczlJA9/WW3u3c4z/NiWDsO3DOU5D7nhTLE9CF0yXv/QZFY7sEJmj24dK+Rrqw==",
      "license": "MIT"
    },
    "node_modules/typescript": {
      "version": "3.7.2",
      "resolved": "https://registry.npmjs.org/typescript/-/typescript-3.7.2.tgz",
      "integrity": "sha512-ml7V7JfiN2Xwvcer+XAf2csGO1bPBdRbFCkYBczNZggrBZ9c7G3riSUeJmqEU5uOtXNPMhE3n+R4FA/3YOAWOQ==",
      "dev": true,
      "license": "Apache-2.0",
      "bin": {
        "tsc": "bin/tsc",
        "tsserver": "bin/tsserver"
      },
      "engines": {
        "node": ">=4.2.0"
      }
    }
  }
}
